Microsoft Visual Studio Solution File, Format Version 12.00
# Visual Studio Version 17
VisualStudioVersion = 17.5.2.0
MinimumVisualStudioVersion = 10.0.40219.1
Project("{FAE04EC0-301F-11D3-BF4B-00C04F79EFBC}") = "agent", "agent.csproj", "{AEF9CCA9-6196-3F19-3B50-772B7E66CDE4}"
EndProject
Global
	GlobalSection(SolutionConfigurationPlatforms) = preSolution
		Debug|Any CPU = Debug|Any CPU
		Release|Any CPU = Release|Any CPU
	EndGlobalSection
	GlobalSection(ProjectConfigurationPlatforms) = postSolution
		{AEF9CCA9-6196-3F19-3B50-772B7E66CDE4}.Debug|Any CPU.ActiveCfg = Debug|Any CPU
		{AEF9CCA9-6196-3F19-3B50-772B7E66CDE4}.Debug|Any CPU.Build.0 = Debug|Any CPU
		{AEF9CCA9-6196-3F19-3B50-772B7E66CDE4}.Release|Any CPU.ActiveCfg = Release|Any CPU
		{AEF9CCA9-6196-3F19-3B50-772B7E66CDE4}.Release|Any CPU.Build.0 = Release|Any CPU
	EndGlobalSection
	GlobalSection(SolutionProperties) = preSolution
		HideSolutionNode = FALSE
	EndGlobalSection
	GlobalSection(ExtensibilityGlobals) = postSolution
		SolutionGuid = {C87A943F-F1BA-4566-9C73-F2AB7AF28890}
	EndGlobalSection
EndGlobal
